{
  "name": "ext",
  "lockfileVersion": 3,
  "requires": true,
  "packages": {
    "": {
      "dependencies": {
        "@extend-chrome/clipboard": "^2.0.0"
      }
    },
    "node_modules/@extend-chrome/clipboard": {
      "version": "2.0.0",
      "resolved": "https://registry.npmjs.org/@extend-chrome/clipboard/-/clipboard-2.0.0.tgz",
      "integrity": "sha512-eE+F/Fzz+8LdxIFluAWzFuLq3b+GlQ0SUFhCQ3IuIK9dIc4kmdTy1KdTwcGsSQJuW2UdyskVkESVjHNXD/FsTw=="
    }
  }
}
